
Microsoft Visual Studio Solution File, Format Version 12.00
# Visual Studio 2012
Project("{FAE04EC0-301F-11D3-BF4B-00C04F79EFBC}") = "CryptoStringify", "CryptoStringify\CryptoStringify.csproj", "{3EC79CAD-3FA0-41BB-A91D-2E02C60C8E02}"
EndProject
Project("{FAE04EC0-301F-11D3-BF4B-00C04F79EFBC}") = "CryptoStringifyTests", "CryptoStringifyTests\CryptoStringifyTests.csproj", "{64F95969-EE38-4718-B535-E614D82EE2A1}"
EndProject
Global
	GlobalSection(SolutionConfigurationPlatforms) = preSolution
		Debug|Any CPU = Debug|Any CPU
		Release|Any CPU = Release|Any CPU
	EndGlobalSection
	GlobalSection(ProjectConfigurationPlatforms) = postSolution
		{3EC79CAD-3FA0-41BB-A91D-2E02C60C8E02}.Debug|Any CPU.ActiveCfg = Debug|Any CPU
		{3EC79CAD-3FA0-41BB-A91D-2E02C60C8E02}.Debug|Any CPU.Build.0 = Debug|Any CPU
		{3EC79CAD-3FA0-41BB-A91D-2E02C60C8E02}.Release|Any CPU.ActiveCfg = Release|Any CPU
		{3EC79CAD-3FA0-41BB-A91D-2E02C60C8E02}.Release|Any CPU.Build.0 = Release|Any CPU
		{64F95969-EE38-4718-B535-E614D82EE2A1}.Debug|Any CPU.ActiveCfg = Debug|Any CPU
		{64F95969-EE38-4718-B535-E614D82EE2A1}.Debug|Any CPU.Build.0 = Debug|Any CPU
		{64F95969-EE38-4718-B535-E614D82EE2A1}.Release|Any CPU.ActiveCfg = Release|Any CPU
		{64F95969-EE38-4718-B535-E614D82EE2A1}.Release|Any CPU.Build.0 = Release|Any CPU
	EndGlobalSection
	GlobalSection(SolutionProperties) = preSolution
		HideSolutionNode = FALSE
	EndGlobalSection
EndGlobal
